
Microsoft Visual Studio Solution File, Format Version 12.00
# Visual Studio Version 17
VisualStudioVersion = 17.8.34511.84
MinimumVisualStudioVersion = 10.0.40219.1
Project("{FAE04EC0-301F-11D3-BF4B-00C04F79EFBC}") = "GUI", "BTL_QL_BenhNhan\GUI.csproj", "{FA2EE102-7FAE-41DC-88B0-F82589A2DB5D}"
EndProject
Project("{FAE04EC0-301F-11D3-BF4B-00C04F79EFBC}") = "BUS", "BUS\BUS.csproj", "{017CBD6C-96BD-479C-AAF1-6E517700A826}"
EndProject
Project("{FAE04EC0-301F-11D3-BF4B-00C04F79EFBC}") = "DAL", "DAL\DAL.csproj", "{3570C08B-F953-42E7-9D46-D71B3B36FB1B}"
EndProject
Project("{FAE04EC0-301F-11D3-BF4B-00C04F79EFBC}") = "DTO", "DTO\DTO.csproj", "{14A81092-9CDB-4492-A224-900EA6395ACE}"
EndProject
Global
	GlobalSection(SolutionConfigurationPlatforms) = preSolution
		Debug|Any CPU = Debug|Any CPU
		Release|Any CPU = Release|Any CPU
	EndGlobalSection
	GlobalSection(ProjectConfigurationPlatforms) = postSolution
		{FA2EE102-7FAE-41DC-88B0-F82589A2DB5D}.Debug|Any CPU.ActiveCfg = Debug|Any CPU
		{FA2EE102-7FAE-41DC-88B0-F82589A2DB5D}.Debug|Any CPU.Build.0 = Debug|Any CPU
		{FA2EE102-7FAE-41DC-88B0-F82589A2DB5D}.Release|Any CPU.ActiveCfg = Release|Any CPU
		{FA2EE102-7FAE-41DC-88B0-F82589A2DB5D}.Release|Any CPU.Build.0 = Release|Any CPU
		{017CBD6C-96BD-479C-AAF1-6E517700A826}.Debug|Any CPU.ActiveCfg = Debug|Any CPU
		{017CBD6C-96BD-479C-AAF1-6E517700A826}.Debug|Any CPU.Build.0 = Debug|Any CPU
		{017CBD6C-96BD-479C-AAF1-6E517700A826}.Release|Any CPU.ActiveCfg = Release|Any CPU
		{017CBD6C-96BD-479C-AAF1-6E517700A826}.Release|Any CPU.Build.0 = Release|Any CPU
		{3570C08B-F953-42E7-9D46-D71B3B36FB1B}.Debug|Any CPU.ActiveCfg = Debug|Any CPU
		{3570C08B-F953-42E7-9D46-D71B3B36FB1B}.Debug|Any CPU.Build.0 = Debug|Any CPU
		{3570C08B-F953-42E7-9D46-D71B3B36FB1B}.Release|Any CPU.ActiveCfg = Release|Any CPU
		{3570C08B-F953-42E7-9D46-D71B3B36FB1B}.Release|Any CPU.Build.0 = Release|Any CPU
		{14A81092-9CDB-4492-A224-900EA6395ACE}.Debug|Any CPU.ActiveCfg = Debug|Any CPU
		{14A81092-9CDB-4492-A224-900EA6395ACE}.Debug|Any CPU.Build.0 = Debug|Any CPU
		{14A81092-9CDB-4492-A224-900EA6395ACE}.Release|Any CPU.ActiveCfg = Release|Any CPU
		{14A81092-9CDB-4492-A224-900EA6395ACE}.Release|Any CPU.Build.0 = Release|Any CPU
	EndGlobalSection
	GlobalSection(SolutionProperties) = preSolution
		HideSolutionNode = FALSE
	EndGlobalSection
	GlobalSection(ExtensibilityGlobals) = postSolution
		SolutionGuid = {DC79FB7F-F936-4E7F-A0A9-FB93CCA74F10}
	EndGlobalSection
EndGlobal
